// !$*UTF8*$!
{
	archiveVersion = 1;
	classes = {
	};
	objectVersion = 50;
	objects = {

/* Begin PBXBuildFile section */
		63F86270221D1D5C00E390E3 /* AppDelegate.swift in Sources */ = {isa = PBXBuildFile; fileRef = 63F8626F221D1D5C00E390E3 /* AppDelegate.swift */; };
		63F86272221D1D5C00E390E3 /* ViewController.swift in Sources */ = {isa = PBXBuildFile; fileRef = 63F86271221D1D5C00E390E3 /* ViewController.swift */; };
		63F86275221D1D5C00E390E3 /* Main.storyboard in Resources */ = {isa = PBXBuildFile; fileRef = 63F86273221D1D5C00E390E3 /* Main.storyboard */; };
		63F86277221D1D5E00E390E3 /* Assets.xcassets in Resources */ = {isa = PBXBuildFile; fileRef = 63F86276221D1D5E00E390E3 /* Assets.xcassets */; };
		63F8627A221D1D5E00E390E3 /* LaunchScreen.storyboard in Resources */ = {isa = PBXBuildFile; fileRef = 63F86278221D1D5E00E390E3 /* LaunchScreen.storyboard */; };
		63F86284221E5B9400E390E3 /* DataArray.swift in Sources */ = {isa = PBXBuildFile; fileRef = 63F86283221E5B9400E390E3 /* DataArray.swift */; };
		63F86286221E5D7300E390E3 /* Results.swift in Sources */ = {isa = PBXBuildFile; fileRef = 63F86285221E5D7300E390E3 /* Results.swift */; };
		63F86288221E5F5C00E390E3 /* TableViewCell.swift in Sources */ = {isa = PBXBuildFile; fileRef = 63F86287221E5F5C00E390E3 /* TableViewCell.swift */; };
		63F8628A221E678100E390E3 /* SelectedViewController.swift in Sources */ = {isa = PBXBuildFile; fileRef = 63F86289221E678100E390E3 /* SelectedViewController.swift */; };
/* End PBXBuildFile section */

/* Begin PBXFileReference section */
		63F8626C221D1D5C00E390E3 /* swapi.app */ = {isa = PBXFileReference; explicitFileType = wrapper.application; includeInIndex = 0; path = swapi.app; sourceTree = BUILT_PRODUCTS_DIR; };
		63F8626F221D1D5C00E390E3 /* AppDelegate.swift */ = {isa = PBXFileReference; lastKnownFileType = sourcecode.swift; path = AppDelegate.swift; sourceTree = "<group>"; };
		63F86271221D1D5C00E390E3 /* ViewController.swift */ = {isa = PBXFileReference; lastKnownFileType = sourcecode.swift; path = ViewController.swift; sourceTree = "<group>"; };
		63F86274221D1D5C00E390E3 /* Base */ = {isa = PBXFileReference; lastKnownFileType = file.storyboard; name = Base; path = Base.lproj/Main.storyboard; sourceTree = "<group>"; };
		63F86276221D1D5E00E390E3 /* Assets.xcassets */ = {isa = PBXFileReference; lastKnownFileType = folder.assetcatalog; path = Assets.xcassets; sourceTree = "<group>"; };
		63F86279221D1D5E00E390E3 /* Base */ = {isa = PBXFileReference; lastKnownFileType = file.storyboard; name = Base; path = Base.lproj/LaunchScreen.storyboard; sourceTree = "<group>"; };
		63F8627B221D1D5E00E390E3 /* Info.plist */ = {isa = PBXFileReference; lastKnownFileType = text.plist.xml; path = Info.plist; sourceTree = "<group>"; };
		63F86283221E5B9400E390E3 /* DataArray.swift */ = {isa = PBXFileReference; lastKnownFileType = sourcecode.swift; path = DataArray.swift; sourceTree = "<group>"; };
		63F86285221E5D7300E390E3 /* Results.swift */ = {isa = PBXFileReference; lastKnownFileType = sourcecode.swift; path = Results.swift; sourceTree = "<group>"; };
		63F86287221E5F5C00E390E3 /* TableViewCell.swift */ = {isa = PBXFileReference; lastKnownFileType = sourcecode.swift; path = TableViewCell.swift; sourceTree = "<group>"; };
		63F86289221E678100E390E3 /* SelectedViewController.swift */ = {isa = PBXFileReference; lastKnownFileType = sourcecode.swift; path = SelectedViewController.swift; sourceTree = "<group>"; };
/* End PBXFileReference section */

/* Begin PBXFrameworksBuildPhase section */
		63F86269221D1D5C00E390E3 /* Frameworks */ = {
			isa = PBXFrameworksBuildPhase;
			buildActionMask = 2147483647;
			files = (
			);
			runOnlyForDeploymentPostprocessing = 0;
		};
/* End PBXFrameworksBuildPhase section */

/* Begin PBXGroup section */
		63F86263221D1D5C00E390E3 = {
			isa = PBXGroup;
			children = (
				63F8626E221D1D5C00E390E3 /* swapi */,
				63F8626D221D1D5C00E390E3 /* Products */,
			);
			sourceTree = "<group>";
		};
		63F8626D221D1D5C00E390E3 /* Products */ = {
			isa = PBXGroup;
			children = (
				63F8626C221D1D5C00E390E3 /* swapi.app */,
			);
			name = Products;
			sourceTree = "<group>";
		};
		63F8626E221D1D5C00E390E3 /* swapi */ = {
			isa = PBXGroup;
			children = (
				63F8626F221D1D5C00E390E3 /* AppDelegate.swift */,
				63F86283221E5B9400E390E3 /* DataArray.swift */,
				63F86285221E5D7300E390E3 /* Results.swift */,
				63F86271221D1D5C00E390E3 /* ViewController.swift */,
				63F86287221E5F5C00E390E3 /* TableViewCell.swift */,
				63F86273221D1D5C00E390E3 /* Main.storyboard */,
				63F86289221E678100E390E3 /* SelectedViewController.swift */,
				63F86276221D1D5E00E390E3 /* Assets.xcassets */,
				63F86278221D1D5E00E390E3 /* LaunchScreen.storyboard */,
				63F8627B221D1D5E00E390E3 /* Info.plist */,
			);
			path = swapi;
			sourceTree = "<group>";
		};
/* End PBXGroup section */

/* Begin PBXNativeTarget section */
		63F8626B221D1D5C00E390E3 /* swapi */ = {
			isa = PBXNativeTarget;
			buildConfigurationList = 63F8627E221D1D5E00E390E3 /* Build configuration list for PBXNativeTarget "swapi" */;
			buildPhases = (
				63F86268221D1D5C00E390E3 /* Sources */,
				63F86269221D1D5C00E390E3 /* Frameworks */,
				63F8626A221D1D5C00E390E3 /* Resources */,
			);
			buildRules = (
			);
			dependencies = (
			);
			name = swapi;
			productName = swapi;
			productReference = 63F8626C221D1D5C00E390E3 /* swapi.app */;
			productType = "com.apple.product-type.application";
		};
/* End PBXNativeTarget section */

/* Begin PBXProject section */
		63F86264221D1D5C00E390E3 /* Project object */ = {
			isa = PBXProject;
			attributes = {
				LastSwiftUpdateCheck = 1010;
				LastUpgradeCheck = 1010;
				ORGANIZATIONNAME = "Alfin Taufiqurrahman";
				TargetAttributes = {
					63F8626B221D1D5C00E390E3 = {
						CreatedOnToolsVersion = 10.1;
					};
				};
			};
			buildConfigurationList = 63F86267221D1D5C00E390E3 /* Build configuration list for PBXProject "swapi" */;
			compatibilityVersion = "Xcode 9.3";
			developmentRegion = en;
			hasScannedForEncodings = 0;
			knownRegions = (
				en,
				Base,
			);
			mainGroup = 63F86263221D1D5C00E390E3;
			productRefGroup = 63F8626D221D1D5C00E390E3 /* Products */;
			projectDirPath = "";
			projectRoot = "";
			targets = (
				63F8626B221D1D5C00E390E3 /* swapi */,
			);
		};
/* End PBXProject section */

/* Begin PBXResourcesBuildPhase section */
		63F8626A221D1D5C00E390E3 /* Resources */ = {
			isa = PBXResourcesBuildPhase;
			buildActionMask = 2147483647;
			files = (
				63F8627A221D1D5E00E390E3 /* LaunchScreen.storyboard in Resources */,
				63F86277221D1D5E00E390E3 /* Assets.xcassets in Resources */,
				63F86275221D1D5C00E390E3 /* Main.storyboard in Resources */,
			);
			runOnlyForDeploymentPostprocessing = 0;
		};
/* End PBXResourcesBuildPhase section */

/* Begin PBXSourcesBuildPhase section */
		63F86268221D1D5C00E390E3 /* Sources */ = {
			isa = PBXSourcesBuildPhase;
			buildActionMask = 2147483647;
			files = (
				63F86272221D1D5C00E390E3 /* ViewController.swift in Sources */,
				63F8628A221E678100E390E3 /* SelectedViewController.swift in Sources */,
				63F86284221E5B9400E390E3 /* DataArray.swift in Sources */,
				63F86288221E5F5C00E390E3 /* TableViewCell.swift in Sources */,
				63F86270221D1D5C00E390E3 /* AppDelegate.swift in Sources */,
				63F86286221E5D7300E390E3 /* Results.swift in Sources */,
			);
			runOnlyForDeploymentPostprocessing = 0;
		};
/* End PBXSourcesBuildPhase section */

/* Begin PBXVariantGroup section */
		63F86273221D1D5C00E390E3 /* Main.storyboard */ = {
			isa = PBXVariantGroup;
			children = (
				63F86274221D1D5C00E390E3 /* Base */,
			);
			name = Main.storyboard;
			sourceTree = "<group>";
		};
		63F86278221D1D5E00E390E3 /* LaunchScreen.storyboard */ = {
			isa = PBXVariantGroup;
			children = (
				63F86279221D1D5E00E390E3 /* Base */,
			);
			name = LaunchScreen.storyboard;
			sourceTree = "<group>";
		};
/* End PBXVariantGroup section */

/* Begin XCBuildConfiguration section */
		63F8627C221D1D5E00E390E3 /* Debug */ = {
			isa = XCBuildConfiguration;
			buildSettings = {
				ALWAYS_SEARCH_USER_PATHS = NO;
				CLANG_ANALYZER_NONNULL = YES;
				CLANG_ANALYZER_NUMBER_OBJECT_CONVERSION = YES_AGGRESSIVE;
				CLANG_CXX_LANGUAGE_STANDARD = "gnu++14";
				CLANG_CXX_LIBRARY = "libc++";
				CLANG_ENABLE_MODULES = YES;
				CLANG_ENABLE_OBJC_ARC = YES;
				CLANG_ENABLE_OBJC_WEAK = YES;
				CLANG_WARN_BLOCK_CAPTURE_AUTORELEASING = YES;
				CLANG_WARN_BOOL_CONVERSION = YES;
				CLANG_WARN_COMMA = YES;
				CLANG_WARN_CONSTANT_CONVERSION = YES;
				CLANG_WARN_DEPRECATED_OBJC_IMPLEMENTATIONS = YES;
				CLANG_WARN_DIRECT_OBJC_ISA_USAGE = YES_ERROR;
				CLANG_WARN_DOCUMENTATION_COMMENTS = YES;
				CLANG_WARN_EMPTY_BODY = YES;
				CLANG_WARN_ENUM_CONVERSION = YES;
				CLANG_WARN_INFINITE_RECURSION = YES;
				CLANG_WARN_INT_CONVERSION = YES;
				CLANG_WARN_NON_LITERAL_NULL_CONVERSION = YES;
				CLANG_WARN_OBJC_IMPLICIT_RETAIN_SELF = YES;
				CLANG_WARN_OBJC_LITERAL_CONVERSION = YES;
				CLANG_WARN_OBJC_ROOT_CLASS = YES_ERROR;
				CLANG_WARN_RANGE_LOOP_ANALYSIS = YES;
				CLANG_WARN_STRICT_PROTOTYPES = YES;
				CLANG_WARN_SUSPICIOUS_MOVE = YES;
				CLANG_WARN_UNGUARDED_AVAILABILITY = YES_AGGRESSIVE;
				CLANG_WARN_UNREACHABLE_CODE = YES;
				CLANG_WARN__DUPLICATE_METHOD_MATCH = YES;
				CODE_SIGN_IDENTITY = "iPhone Developer";
				COPY_PHASE_STRIP = NO;
				DEBUG_INFORMATION_FORMAT = dwarf;
				ENABLE_STRICT_OBJC_MSGSEND = YES;
				ENABLE_TESTABILITY = YES;
				GCC_C_LANGUAGE_STANDARD = gnu11;
				GCC_DYNAMIC_NO_PIC = NO;
				GCC_NO_COMMON_BLOCKS = YES;
				GCC_OPTIMIZATION_LEVEL = 0;
				GCC_PREPROCESSOR_DEFINITIONS = (
					"DEBUG=1",
					"$(inherited)",
				);
				GCC_WARN_64_TO_32_BIT_CONVERSION = YES;
				GCC_WARN_ABOUT_RETURN_TYPE = YES_ERROR;
				GCC_WARN_UNDECLARED_SELECTOR = YES;
				GCC_WARN_UNINITIALIZED_AUTOS = YES_AGGRESSIVE;
				GCC_WARN_UNUSED_FUNCTION = YES;
				GCC_WARN_UNUSED_VARIABLE = YES;
				IPHONEOS_DEPLOYMENT_TARGET = 12.1;
				MTL_ENABLE_DEBUG_INFO = INCLUDE_SOURCE;
				MTL_FAST_MATH = YES;
				ONLY_ACTIVE_ARCH = YES;
				SDKROOT = iphoneos;
				SWIFT_ACTIVE_COMPILATION_CONDITIONS = DEBUG;
				SWIFT_OPTIMIZATION_LEVEL = "-Onone";
			};
			name = Debug;
		};
		63F8627D221D1D5E00E390E3 /* Release */ = {
			isa = XCBuildConfiguration;
			buildSettings = {
				ALWAYS_SEARCH_USER_PATHS = NO;
				CLANG_ANALYZER_NONNULL = YES;
				CLANG_ANALYZER_NUMBER_OBJECT_CONVERSION = YES_AGGRESSIVE;
				CLANG_CXX_LANGUAGE_STANDARD = "gnu++14";
				CLANG_CXX_LIBRARY = "libc++";
				CLANG_ENABLE_MODULES = YES;
				CLANG_ENABLE_OBJC_ARC = YES;
				CLANG_ENABLE_OBJC_WEAK = YES;
				CLANG_WARN_BLOCK_CAPTURE_AUTORELEASING = YES;
				CLANG_WARN_BOOL_CONVERSION = YES;
				CLANG_WARN_COMMA = YES;
				CLANG_WARN_CONSTANT_CONVERSION = YES;
				CLANG_WARN_DEPRECATED_OBJC_IMPLEMENTATIONS = YES;
				CLANG_WARN_DIRECT_OBJC_ISA_USAGE = YES_ERROR;
				CLANG_WARN_DOCUMENTATION_COMMENTS = YES;
				CLANG_WARN_EMPTY_BODY = YES;
				CLANG_WARN_ENUM_CONVERSION = YES;
				CLANG_WARN_INFINITE_RECURSION = YES;
				CLANG_WARN_INT_CONVERSION = YES;
				CLANG_WARN_NON_LITERAL_NULL_CONVERSION = YES;
				CLANG_WARN_OBJC_IMPLICIT_RETAIN_SELF = YES;
				CLANG_WARN_OBJC_LITERAL_CONVERSION = YES;
				CLANG_WARN_OBJC_ROOT_CLASS = YES_ERROR;
				CLANG_WARN_RANGE_LOOP_ANALYSIS = YES;
				CLANG_WARN_STRICT_PROTOTYPES = YES;
				CLANG_WARN_SUSPICIOUS_MOVE = YES;
				CLANG_WARN_UNGUARDED_AVAILABILITY = YES_AGGRESSIVE;
				CLANG_WARN_UNREACHABLE_CODE = YES;
				CLANG_WARN__DUPLICATE_METHOD_MATCH = YES;
				CODE_SIGN_IDENTITY = "iPhone Developer";
				COPY_PHASE_STRIP = NO;
				DEBUG_INFORMATION_FORMAT = "dwarf-with-dsym";
				ENABLE_NS_ASSERTIONS = NO;
				ENABLE_STRICT_OBJC_MSGSEND = YES;
				GCC_C_LANGUAGE_STANDARD = gnu11;
				GCC_NO_COMMON_BLOCKS = YES;
				GCC_WARN_64_TO_32_BIT_CONVERSION = YES;
				GCC_WARN_ABOUT_RETURN_TYPE = YES_ERROR;
				GCC_WARN_UNDECLARED_SELECTOR = YES;
				GCC_WARN_UNINITIALIZED_AUTOS = YES_AGGRESSIVE;
				GCC_WARN_UNUSED_FUNCTION = YES;
				GCC_WARN_UNUSED_VARIABLE = YES;
				IPHONEOS_DEPLOYMENT_TARGET = 12.1;
				MTL_ENABLE_DEBUG_INFO = NO;
				MTL_FAST_MATH = YES;
				SDKROOT = iphoneos;
				SWIFT_COMPILATION_MODE = wholemodule;
				SWIFT_OPTIMIZATION_LEVEL = "-O";
				VALIDATE_PRODUCT = YES;
			};
			name = Release;
		};
		63F8627F221D1D5E00E390E3 /* Debug */ = {
			isa = XCBuildConfiguration;
			buildSettings = {
				ASSETCATALOG_COMPILER_APPICON_NAME = AppIcon;
				CODE_SIGN_STYLE = Automatic;
				DEVELOPMENT_TEAM = DDRJ5G2K9Q;
				INFOPLIST_FILE = swapi/Info.plist;
				IPHONEOS_DEPLOYMENT_TARGET = 9.3;
				LD_RUNPATH_SEARCH_PATHS = (
					"$(inherited)",
					"@executable_path/Frameworks",
				);
				PRODUCT_BUNDLE_IDENTIFIER = alfin.swapi;
				PRODUCT_NAME = "$(TARGET_NAME)";
				SWIFT_VERSION = 4.2;
				TARGETED_DEVICE_FAMILY = "1,2";
			};
			name = Debug;
		};
		63F86280221D1D5E00E390E3 /* Release */ = {
			isa = XCBuildConfiguration;
			buildSettings = {
				ASSETCATALOG_COMPILER_APPICON_NAME = AppIcon;
				CODE_SIGN_STYLE = Automatic;
				DEVELOPMENT_TEAM = DDRJ5G2K9Q;
				INFOPLIST_FILE = swapi/Info.plist;
				IPHONEOS_DEPLOYMENT_TARGET = 9.3;
				LD_RUNPATH_SEARCH_PATHS = (
					"$(inherited)",
					"@executable_path/Frameworks",
				);
				PRODUCT_BUNDLE_IDENTIFIER = alfin.swapi;
				PRODUCT_NAME = "$(TARGET_NAME)";
				SWIFT_VERSION = 4.2;
				TARGETED_DEVICE_FAMILY = "1,2";
			};
			name = Release;
		};
/* End XCBuildConfiguration section */

/* Begin XCConfigurationList section */
		63F86267221D1D5C00E390E3 /* Build configuration list for PBXProject "swapi" */ = {
			isa = XCConfigurationList;
			buildConfigurations = (
				63F8627C221D1D5E00E390E3 /* Debug */,
				63F8627D221D1D5E00E390E3 /* Release */,
			);
			defaultConfigurationIsVisible = 0;
			defaultConfigurationName = Release;
		};
		63F8627E221D1D5E00E390E3 /* Build configuration list for PBXNativeTarget "swapi" */ = {
			isa = XCConfigurationList;
			buildConfigurations = (
				63F8627F221D1D5E00E390E3 /* Debug */,
				63F86280221D1D5E00E390E3 /* Release */,
			);
			defaultConfigurationIsVisible = 0;
			defaultConfigurationName = Release;
		};
/* End XCConfigurationList section */
	};
	rootObject = 63F86264221D1D5C00E390E3 /* Project object */;
}
